
Microsoft Visual Studio Solution File, Format Version 11.00
# Visual Studio 2010
Project("{FAE04EC0-301F-11D3-BF4B-00C04F79EFBC}") = "Easy Mode File Namer", "Easy Mode File Namer.csproj", "{78C89EC5-96A0-4ADF-B58A-3D245F41C5FB}"
EndProject
Global
	GlobalSection(SolutionConfigurationPlatforms) = preSolution
		Debug|x86 = Debug|x86
		Release|x86 = Release|x86
	EndGlobalSection
	GlobalSection(ProjectConfigurationPlatforms) = postSolution
		{78C89EC5-96A0-4ADF-B58A-3D245F41C5FB}.Debug|x86.ActiveCfg = Debug|x86
		{78C89EC5-96A0-4ADF-B58A-3D245F41C5FB}.Debug|x86.Build.0 = Debug|x86
		{78C89EC5-96A0-4ADF-B58A-3D245F41C5FB}.Release|x86.ActiveCfg = Release|x86
		{78C89EC5-96A0-4ADF-B58A-3D245F41C5FB}.Release|x86.Build.0 = Release|x86
	EndGlobalSection
	GlobalSection(SolutionProperties) = preSolution
		HideSolutionNode = FALSE
	EndGlobalSection
EndGlobal
